
Microsoft Visual Studio Solution File, Format Version 12.00
# Visual Studio Version 17
VisualStudioVersion = 17.4.33103.184
MinimumVisualStudioVersion = 10.0.40219.1
Project("{9A19103F-16F7-4668-BE54-9A1E7A4F7556}") = "BoneAge", "BoneAge\BoneAge.csproj", "{59DDF4ED-175A-482D-8CF0-46EF46E2AF07}"
EndProject
Project("{9A19103F-16F7-4668-BE54-9A1E7A4F7556}") = "MaleBoneAgeAI_ConsoleApp1", "MaleBoneAgeAI_ConsoleApp1\MaleBoneAgeAI_ConsoleApp1.csproj", "{5B3C2B76-DBB0-4AE7-BC47-CFA07D52C888}"
EndProject
Project("{9A19103F-16F7-4668-BE54-9A1E7A4F7556}") = "FemaleBoneAgeAI_ConsoleApp1", "FemaleBoneAgeAI_ConsoleApp1\FemaleBoneAgeAI_ConsoleApp1.csproj", "{74C9A4ED-5E05-472C-B94D-3AAD515127E7}"
EndProject
Global
	GlobalSection(SolutionConfigurationPlatforms) = preSolution
		Debug|Any CPU = Debug|Any CPU
		Release|Any CPU = Release|Any CPU
	EndGlobalSection
	GlobalSection(ProjectConfigurationPlatforms) = postSolution
		{59DDF4ED-175A-482D-8CF0-46EF46E2AF07}.Debug|Any CPU.ActiveCfg = Debug|Any CPU
		{59DDF4ED-175A-482D-8CF0-46EF46E2AF07}.Debug|Any CPU.Build.0 = Debug|Any CPU
		{59DDF4ED-175A-482D-8CF0-46EF46E2AF07}.Release|Any CPU.ActiveCfg = Release|Any CPU
		{59DDF4ED-175A-482D-8CF0-46EF46E2AF07}.Release|Any CPU.Build.0 = Release|Any CPU
		{5B3C2B76-DBB0-4AE7-BC47-CFA07D52C888}.Debug|Any CPU.ActiveCfg = Debug|Any CPU
		{5B3C2B76-DBB0-4AE7-BC47-CFA07D52C888}.Debug|Any CPU.Build.0 = Debug|Any CPU
		{5B3C2B76-DBB0-4AE7-BC47-CFA07D52C888}.Release|Any CPU.ActiveCfg = Release|Any CPU
		{5B3C2B76-DBB0-4AE7-BC47-CFA07D52C888}.Release|Any CPU.Build.0 = Release|Any CPU
		{74C9A4ED-5E05-472C-B94D-3AAD515127E7}.Debug|Any CPU.ActiveCfg = Debug|Any CPU
		{74C9A4ED-5E05-472C-B94D-3AAD515127E7}.Debug|Any CPU.Build.0 = Debug|Any CPU
		{74C9A4ED-5E05-472C-B94D-3AAD515127E7}.Release|Any CPU.ActiveCfg = Release|Any CPU
		{74C9A4ED-5E05-472C-B94D-3AAD515127E7}.Release|Any CPU.Build.0 = Release|Any CPU
	EndGlobalSection
	GlobalSection(SolutionProperties) = preSolution
		HideSolutionNode = FALSE
	EndGlobalSection
	GlobalSection(ExtensibilityGlobals) = postSolution
		SolutionGuid = {9102AC33-50AF-4E5E-A4CC-F8E943E4987D}
	EndGlobalSection
EndGlobal
